// !$*UTF8*$!
{
	archiveVersion = 1;
	classes = {
	};
	objectVersion = 56;
	objects = {

/* Begin PBXBuildFile section */
		96BB00552A7FEF9F00073134 /* AppDelegate.swift in Sources */ = {isa = PBXBuildFile; fileRef = 96BB00542A7FEF9F00073134 /* AppDelegate.swift */; };
		96BB00572A7FEF9F00073134 /* SceneDelegate.swift in Sources */ = {isa = PBXBuildFile; fileRef = 96BB00562A7FEF9F00073134 /* SceneDelegate.swift */; };
		96BB00592A7FEF9F00073134 /* ViewController.swift in Sources */ = {isa = PBXBuildFile; fileRef = 96BB00582A7FEF9F00073134 /* ViewController.swift */; };
		96BB005C2A7FEF9F00073134 /* Main.storyboard in Resources */ = {isa = PBXBuildFile; fileRef = 96BB005A2A7FEF9F00073134 /* Main.storyboard */; };
		96BB005E2A7FEFA000073134 /* Assets.xcassets in Resources */ = {isa = PBXBuildFile; fileRef = 96BB005D2A7FEFA000073134 /* Assets.xcassets */; };
		96BB00612A7FEFA000073134 /* LaunchScreen.storyboard in Resources */ = {isa = PBXBuildFile; fileRef = 96BB005F2A7FEFA000073134 /* LaunchScreen.storyboard */; };
		96BB00692A81610D00073134 /* NavigationController.swift in Sources */ = {isa = PBXBuildFile; fileRef = 96BB00682A81610D00073134 /* NavigationController.swift */; };
		96BB006B2A81611D00073134 /* ViewControllable.swift in Sources */ = {isa = PBXBuildFile; fileRef = 96BB006A2A81611D00073134 /* ViewControllable.swift */; };
		96BB006D2A81613A00073134 /* HostingController.swift in Sources */ = {isa = PBXBuildFile; fileRef = 96BB006C2A81613A00073134 /* HostingController.swift */; };
		96BB006F2A81614A00073134 /* NavigationRoute.swift in Sources */ = {isa = PBXBuildFile; fileRef = 96BB006E2A81614A00073134 /* NavigationRoute.swift */; };
		96BB00712A81615A00073134 /* Coordinator.swift in Sources */ = {isa = PBXBuildFile; fileRef = 96BB00702A81615A00073134 /* Coordinator.swift */; };
		96BB00732A81616900073134 /* FeatureRoute.swift in Sources */ = {isa = PBXBuildFile; fileRef = 96BB00722A81616900073134 /* FeatureRoute.swift */; };
		96BB00752A81617B00073134 /* FeatureCoordinator.swift in Sources */ = {isa = PBXBuildFile; fileRef = 96BB00742A81617B00073134 /* FeatureCoordinator.swift */; };
		96BB00772A81619300073134 /* FeatureA2View.swift in Sources */ = {isa = PBXBuildFile; fileRef = 96BB00762A81619300073134 /* FeatureA2View.swift */; };
		96BB00792A8161A600073134 /* FeatureA1ViewModel.swift in Sources */ = {isa = PBXBuildFile; fileRef = 96BB00782A8161A600073134 /* FeatureA1ViewModel.swift */; };
		96BB007B2A8161BB00073134 /* FeatureA1View.swift in Sources */ = {isa = PBXBuildFile; fileRef = 96BB007A2A8161BB00073134 /* FeatureA1View.swift */; };
		96BB007D2A8161CD00073134 /* RootRoute.swift in Sources */ = {isa = PBXBuildFile; fileRef = 96BB007C2A8161CC00073134 /* RootRoute.swift */; };
		96BB007F2A8161DB00073134 /* RootCoordinator.swift in Sources */ = {isa = PBXBuildFile; fileRef = 96BB007E2A8161DB00073134 /* RootCoordinator.swift */; };
		96BB00822A8161F100073134 /* RootView.swift in Sources */ = {isa = PBXBuildFile; fileRef = 96BB00812A8161F100073134 /* RootView.swift */; };
/* End PBXBuildFile section */

/* Begin PBXFileReference section */
		96BB00512A7FEF9F00073134 /* NestedUIKitNavigation.app */ = {isa = PBXFileReference; explicitFileType = wrapper.application; includeInIndex = 0; path = NestedUIKitNavigation.app; sourceTree = BUILT_PRODUCTS_DIR; };
		96BB00542A7FEF9F00073134 /* AppDelegate.swift */ = {isa = PBXFileReference; lastKnownFileType = sourcecode.swift; path = AppDelegate.swift; sourceTree = "<group>"; };
		96BB00562A7FEF9F00073134 /* SceneDelegate.swift */ = {isa = PBXFileReference; lastKnownFileType = sourcecode.swift; path = SceneDelegate.swift; sourceTree = "<group>"; };
		96BB00582A7FEF9F00073134 /* ViewController.swift */ = {isa = PBXFileReference; lastKnownFileType = sourcecode.swift; path = ViewController.swift; sourceTree = "<group>"; };
		96BB005B2A7FEF9F00073134 /* Base */ = {isa = PBXFileReference; lastKnownFileType = file.storyboard; name = Base; path = Base.lproj/Main.storyboard; sourceTree = "<group>"; };
		96BB005D2A7FEFA000073134 /* Assets.xcassets */ = {isa = PBXFileReference; lastKnownFileType = folder.assetcatalog; path = Assets.xcassets; sourceTree = "<group>"; };
		96BB00602A7FEFA000073134 /* Base */ = {isa = PBXFileReference; lastKnownFileType = file.storyboard; name = Base; path = Base.lproj/LaunchScreen.storyboard; sourceTree = "<group>"; };
		96BB00622A7FEFA000073134 /* Info.plist */ = {isa = PBXFileReference; lastKnownFileType = text.plist.xml; path = Info.plist; sourceTree = "<group>"; };
		96BB00682A81610D00073134 /* NavigationController.swift */ = {isa = PBXFileReference; lastKnownFileType = sourcecode.swift; path = NavigationController.swift; sourceTree = "<group>"; };
		96BB006A2A81611D00073134 /* ViewControllable.swift */ = {isa = PBXFileReference; lastKnownFileType = sourcecode.swift; path = ViewControllable.swift; sourceTree = "<group>"; };
		96BB006C2A81613A00073134 /* HostingController.swift */ = {isa = PBXFileReference; lastKnownFileType = sourcecode.swift; path = HostingController.swift; sourceTree = "<group>"; };
		96BB006E2A81614A00073134 /* NavigationRoute.swift */ = {isa = PBXFileReference; lastKnownFileType = sourcecode.swift; path = NavigationRoute.swift; sourceTree = "<group>"; };
		96BB00702A81615A00073134 /* Coordinator.swift */ = {isa = PBXFileReference; lastKnownFileType = sourcecode.swift; path = Coordinator.swift; sourceTree = "<group>"; };
		96BB00722A81616900073134 /* FeatureRoute.swift */ = {isa = PBXFileReference; lastKnownFileType = sourcecode.swift; path = FeatureRoute.swift; sourceTree = "<group>"; };
		96BB00742A81617B00073134 /* FeatureCoordinator.swift */ = {isa = PBXFileReference; lastKnownFileType = sourcecode.swift; path = FeatureCoordinator.swift; sourceTree = "<group>"; };
		96BB00762A81619300073134 /* FeatureA2View.swift */ = {isa = PBXFileReference; lastKnownFileType = sourcecode.swift; path = FeatureA2View.swift; sourceTree = "<group>"; };
		96BB00782A8161A600073134 /* FeatureA1ViewModel.swift */ = {isa = PBXFileReference; lastKnownFileType = sourcecode.swift; path = FeatureA1ViewModel.swift; sourceTree = "<group>"; };
		96BB007A2A8161BB00073134 /* FeatureA1View.swift */ = {isa = PBXFileReference; lastKnownFileType = sourcecode.swift; path = FeatureA1View.swift; sourceTree = "<group>"; };
		96BB007C2A8161CC00073134 /* RootRoute.swift */ = {isa = PBXFileReference; lastKnownFileType = sourcecode.swift; path = RootRoute.swift; sourceTree = "<group>"; };
		96BB007E2A8161DB00073134 /* RootCoordinator.swift */ = {isa = PBXFileReference; lastKnownFileType = sourcecode.swift; path = RootCoordinator.swift; sourceTree = "<group>"; };
		96BB00812A8161F100073134 /* RootView.swift */ = {isa = PBXFileReference; lastKnownFileType = sourcecode.swift; path = RootView.swift; sourceTree = "<group>"; };
/* End PBXFileReference section */

/* Begin PBXFrameworksBuildPhase section */
		96BB004E2A7FEF9F00073134 /* Frameworks */ = {
			isa = PBXFrameworksBuildPhase;
			buildActionMask = 2147483647;
			files = (
			);
			runOnlyForDeploymentPostprocessing = 0;
		};
/* End PBXFrameworksBuildPhase section */

/* Begin PBXGroup section */
		96BB00482A7FEF9F00073134 = {
			isa = PBXGroup;
			children = (
				96BB00532A7FEF9F00073134 /* NestedUIKitNavigation */,
				96BB00522A7FEF9F00073134 /* Products */,
			);
			sourceTree = "<group>";
		};
		96BB00522A7FEF9F00073134 /* Products */ = {
			isa = PBXGroup;
			children = (
				96BB00512A7FEF9F00073134 /* NestedUIKitNavigation.app */,
			);
			name = Products;
			sourceTree = "<group>";
		};
		96BB00532A7FEF9F00073134 /* NestedUIKitNavigation */ = {
			isa = PBXGroup;
			children = (
				96BB00892A81639D00073134 /* Core */,
				96BB00832A81635400073134 /* Features */,
				96BB00542A7FEF9F00073134 /* AppDelegate.swift */,
				96BB00562A7FEF9F00073134 /* SceneDelegate.swift */,
				96BB00582A7FEF9F00073134 /* ViewController.swift */,
				96BB005A2A7FEF9F00073134 /* Main.storyboard */,
				96BB005D2A7FEFA000073134 /* Assets.xcassets */,
				96BB005F2A7FEFA000073134 /* LaunchScreen.storyboard */,
				96BB00622A7FEFA000073134 /* Info.plist */,
			);
			path = NestedUIKitNavigation;
			sourceTree = "<group>";
		};
		96BB00832A81635400073134 /* Features */ = {
			isa = PBXGroup;
			children = (
				96BB008C2A8163DE00073134 /* Root */,
				96BB00842A81635B00073134 /* FeatureA */,
			);
			path = Features;
			sourceTree = "<group>";
		};
		96BB00842A81635B00073134 /* FeatureA */ = {
			isa = PBXGroup;
			children = (
				96BB00852A81636700073134 /* Presentation */,
			);
			path = FeatureA;
			sourceTree = "<group>";
		};
		96BB00852A81636700073134 /* Presentation */ = {
			isa = PBXGroup;
			children = (
				96BB00722A81616900073134 /* FeatureRoute.swift */,
				96BB00742A81617B00073134 /* FeatureCoordinator.swift */,
				96BB00872A81637300073134 /* ViewModels */,
				96BB00862A81636E00073134 /* Pages */,
			);
			path = Presentation;
			sourceTree = "<group>";
		};
		96BB00862A81636E00073134 /* Pages */ = {
			isa = PBXGroup;
			children = (
				96BB007A2A8161BB00073134 /* FeatureA1View.swift */,
				96BB00762A81619300073134 /* FeatureA2View.swift */,
			);
			path = Pages;
			sourceTree = "<group>";
		};
		96BB00872A81637300073134 /* ViewModels */ = {
			isa = PBXGroup;
			children = (
				96BB00782A8161A600073134 /* FeatureA1ViewModel.swift */,
			);
			path = ViewModels;
			sourceTree = "<group>";
		};
		96BB00892A81639D00073134 /* Core */ = {
			isa = PBXGroup;
			children = (
				96BB008B2A8163BA00073134 /* Navigation */,
				96BB008A2A8163A100073134 /* Presentation */,
			);
			path = Core;
			sourceTree = "<group>";
		};
		96BB008A2A8163A100073134 /* Presentation */ = {
			isa = PBXGroup;
			children = (
				96BB006E2A81614A00073134 /* NavigationRoute.swift */,
				96BB00702A81615A00073134 /* Coordinator.swift */,
			);
			path = Presentation;
			sourceTree = "<group>";
		};
		96BB008B2A8163BA00073134 /* Navigation */ = {
			isa = PBXGroup;
			children = (
				96BB00682A81610D00073134 /* NavigationController.swift */,
				96BB006A2A81611D00073134 /* ViewControllable.swift */,
				96BB006C2A81613A00073134 /* HostingController.swift */,
			);
			path = Navigation;
			sourceTree = "<group>";
		};
		96BB008C2A8163DE00073134 /* Root */ = {
			isa = PBXGroup;
			children = (
				96BB007C2A8161CC00073134 /* RootRoute.swift */,
				96BB007E2A8161DB00073134 /* RootCoordinator.swift */,
				96BB008D2A8163E300073134 /* Pages */,
			);
			path = Root;
			sourceTree = "<group>";
		};
		96BB008D2A8163E300073134 /* Pages */ = {
			isa = PBXGroup;
			children = (
				96BB00812A8161F100073134 /* RootView.swift */,
			);
			path = Pages;
			sourceTree = "<group>";
		};
/* End PBXGroup section */

/* Begin PBXNativeTarget section */
		96BB00502A7FEF9F00073134 /* NestedUIKitNavigation */ = {
			isa = PBXNativeTarget;
			buildConfigurationList = 96BB00652A7FEFA000073134 /* Build configuration list for PBXNativeTarget "NestedUIKitNavigation" */;
			buildPhases = (
				96BB004D2A7FEF9F00073134 /* Sources */,
				96BB004E2A7FEF9F00073134 /* Frameworks */,
				96BB004F2A7FEF9F00073134 /* Resources */,
			);
			buildRules = (
			);
			dependencies = (
			);
			name = NestedUIKitNavigation;
			productName = NestedUIKitNavigation;
			productReference = 96BB00512A7FEF9F00073134 /* NestedUIKitNavigation.app */;
			productType = "com.apple.product-type.application";
		};
/* End PBXNativeTarget section */

/* Begin PBXProject section */
		96BB00492A7FEF9F00073134 /* Project object */ = {
			isa = PBXProject;
			attributes = {
				BuildIndependentTargetsInParallel = 1;
				LastSwiftUpdateCheck = 1430;
				LastUpgradeCheck = 1430;
				TargetAttributes = {
					96BB00502A7FEF9F00073134 = {
						CreatedOnToolsVersion = 14.3;
					};
				};
			};
			buildConfigurationList = 96BB004C2A7FEF9F00073134 /* Build configuration list for PBXProject "NestedUIKitNavigation" */;
			compatibilityVersion = "Xcode 14.0";
			developmentRegion = en;
			hasScannedForEncodings = 0;
			knownRegions = (
				en,
				Base,
			);
			mainGroup = 96BB00482A7FEF9F00073134;
			productRefGroup = 96BB00522A7FEF9F00073134 /* Products */;
			projectDirPath = "";
			projectRoot = "";
			targets = (
				96BB00502A7FEF9F00073134 /* NestedUIKitNavigation */,
			);
		};
/* End PBXProject section */

/* Begin PBXResourcesBuildPhase section */
		96BB004F2A7FEF9F00073134 /* Resources */ = {
			isa = PBXResourcesBuildPhase;
			buildActionMask = 2147483647;
			files = (
				96BB00612A7FEFA000073134 /* LaunchScreen.storyboard in Resources */,
				96BB005E2A7FEFA000073134 /* Assets.xcassets in Resources */,
				96BB005C2A7FEF9F00073134 /* Main.storyboard in Resources */,
			);
			runOnlyForDeploymentPostprocessing = 0;
		};
/* End PBXResourcesBuildPhase section */

/* Begin PBXSourcesBuildPhase section */
		96BB004D2A7FEF9F00073134 /* Sources */ = {
			isa = PBXSourcesBuildPhase;
			buildActionMask = 2147483647;
			files = (
				96BB00712A81615A00073134 /* Coordinator.swift in Sources */,
				96BB007B2A8161BB00073134 /* FeatureA1View.swift in Sources */,
				96BB00792A8161A600073134 /* FeatureA1ViewModel.swift in Sources */,
				96BB00752A81617B00073134 /* FeatureCoordinator.swift in Sources */,
				96BB006D2A81613A00073134 /* HostingController.swift in Sources */,
				96BB00732A81616900073134 /* FeatureRoute.swift in Sources */,
				96BB00772A81619300073134 /* FeatureA2View.swift in Sources */,
				96BB007F2A8161DB00073134 /* RootCoordinator.swift in Sources */,
				96BB00822A8161F100073134 /* RootView.swift in Sources */,
				96BB006F2A81614A00073134 /* NavigationRoute.swift in Sources */,
				96BB00592A7FEF9F00073134 /* ViewController.swift in Sources */,
				96BB007D2A8161CD00073134 /* RootRoute.swift in Sources */,
				96BB006B2A81611D00073134 /* ViewControllable.swift in Sources */,
				96BB00692A81610D00073134 /* NavigationController.swift in Sources */,
				96BB00552A7FEF9F00073134 /* AppDelegate.swift in Sources */,
				96BB00572A7FEF9F00073134 /* SceneDelegate.swift in Sources */,
			);
			runOnlyForDeploymentPostprocessing = 0;
		};
/* End PBXSourcesBuildPhase section */

/* Begin PBXVariantGroup section */
		96BB005A2A7FEF9F00073134 /* Main.storyboard */ = {
			isa = PBXVariantGroup;
			children = (
				96BB005B2A7FEF9F00073134 /* Base */,
			);
			name = Main.storyboard;
			sourceTree = "<group>";
		};
		96BB005F2A7FEFA000073134 /* LaunchScreen.storyboard */ = {
			isa = PBXVariantGroup;
			children = (
				96BB00602A7FEFA000073134 /* Base */,
			);
			name = LaunchScreen.storyboard;
			sourceTree = "<group>";
		};
/* End PBXVariantGroup section */

/* Begin XCBuildConfiguration section */
		96BB00632A7FEFA000073134 /* Debug */ = {
			isa = XCBuildConfiguration;
			buildSettings = {
				ALWAYS_SEARCH_USER_PATHS = NO;
				CLANG_ANALYZER_NONNULL = YES;
				CLANG_ANALYZER_NUMBER_OBJECT_CONVERSION = YES_AGGRESSIVE;
				CLANG_CXX_LANGUAGE_STANDARD = "gnu++20";
				CLANG_ENABLE_MODULES = YES;
				CLANG_ENABLE_OBJC_ARC = YES;
				CLANG_ENABLE_OBJC_WEAK = YES;
				CLANG_WARN_BLOCK_CAPTURE_AUTORELEASING = YES;
				CLANG_WARN_BOOL_CONVERSION = YES;
				CLANG_WARN_COMMA = YES;
				CLANG_WARN_CONSTANT_CONVERSION = YES;
				CLANG_WARN_DEPRECATED_OBJC_IMPLEMENTATIONS = YES;
				CLANG_WARN_DIRECT_OBJC_ISA_USAGE = YES_ERROR;
				CLANG_WARN_DOCUMENTATION_COMMENTS = YES;
				CLANG_WARN_EMPTY_BODY = YES;
				CLANG_WARN_ENUM_CONVERSION = YES;
				CLANG_WARN_INFINITE_RECURSION = YES;
				CLANG_WARN_INT_CONVERSION = YES;
				CLANG_WARN_NON_LITERAL_NULL_CONVERSION = YES;
				CLANG_WARN_OBJC_IMPLICIT_RETAIN_SELF = YES;
				CLANG_WARN_OBJC_LITERAL_CONVERSION = YES;
				CLANG_WARN_OBJC_ROOT_CLASS = YES_ERROR;
				CLANG_WARN_QUOTED_INCLUDE_IN_FRAMEWORK_HEADER = YES;
				CLANG_WARN_RANGE_LOOP_ANALYSIS = YES;
				CLANG_WARN_STRICT_PROTOTYPES = YES;
				CLANG_WARN_SUSPICIOUS_MOVE = YES;
				CLANG_WARN_UNGUARDED_AVAILABILITY = YES_AGGRESSIVE;
				CLANG_WARN_UNREACHABLE_CODE = YES;
				CLANG_WARN__DUPLICATE_METHOD_MATCH = YES;
				COPY_PHASE_STRIP = NO;
				DEBUG_INFORMATION_FORMAT = dwarf;
				ENABLE_STRICT_OBJC_MSGSEND = YES;
				ENABLE_TESTABILITY = YES;
				GCC_C_LANGUAGE_STANDARD = gnu11;
				GCC_DYNAMIC_NO_PIC = NO;
				GCC_NO_COMMON_BLOCKS = YES;
				GCC_OPTIMIZATION_LEVEL = 0;
				GCC_PREPROCESSOR_DEFINITIONS = (
					"DEBUG=1",
					"$(inherited)",
				);
				GCC_WARN_64_TO_32_BIT_CONVERSION = YES;
				GCC_WARN_ABOUT_RETURN_TYPE = YES_ERROR;
				GCC_WARN_UNDECLARED_SELECTOR = YES;
				GCC_WARN_UNINITIALIZED_AUTOS = YES_AGGRESSIVE;
				GCC_WARN_UNUSED_FUNCTION = YES;
				GCC_WARN_UNUSED_VARIABLE = YES;
				IPHONEOS_DEPLOYMENT_TARGET = 16.4;
				MTL_ENABLE_DEBUG_INFO = INCLUDE_SOURCE;
				MTL_FAST_MATH = YES;
				ONLY_ACTIVE_ARCH = YES;
				SDKROOT = iphoneos;
				SWIFT_ACTIVE_COMPILATION_CONDITIONS = DEBUG;
				SWIFT_OPTIMIZATION_LEVEL = "-Onone";
			};
			name = Debug;
		};
		96BB00642A7FEFA000073134 /* Release */ = {
			isa = XCBuildConfiguration;
			buildSettings = {
				ALWAYS_SEARCH_USER_PATHS = NO;
				CLANG_ANALYZER_NONNULL = YES;
				CLANG_ANALYZER_NUMBER_OBJECT_CONVERSION = YES_AGGRESSIVE;
				CLANG_CXX_LANGUAGE_STANDARD = "gnu++20";
				CLANG_ENABLE_MODULES = YES;
				CLANG_ENABLE_OBJC_ARC = YES;
				CLANG_ENABLE_OBJC_WEAK = YES;
				CLANG_WARN_BLOCK_CAPTURE_AUTORELEASING = YES;
				CLANG_WARN_BOOL_CONVERSION = YES;
				CLANG_WARN_COMMA = YES;
				CLANG_WARN_CONSTANT_CONVERSION = YES;
				CLANG_WARN_DEPRECATED_OBJC_IMPLEMENTATIONS = YES;
				CLANG_WARN_DIRECT_OBJC_ISA_USAGE = YES_ERROR;
				CLANG_WARN_DOCUMENTATION_COMMENTS = YES;
				CLANG_WARN_EMPTY_BODY = YES;
				CLANG_WARN_ENUM_CONVERSION = YES;
				CLANG_WARN_INFINITE_RECURSION = YES;
				CLANG_WARN_INT_CONVERSION = YES;
				CLANG_WARN_NON_LITERAL_NULL_CONVERSION = YES;
				CLANG_WARN_OBJC_IMPLICIT_RETAIN_SELF = YES;
				CLANG_WARN_OBJC_LITERAL_CONVERSION = YES;
				CLANG_WARN_OBJC_ROOT_CLASS = YES_ERROR;
				CLANG_WARN_QUOTED_INCLUDE_IN_FRAMEWORK_HEADER = YES;
				CLANG_WARN_RANGE_LOOP_ANALYSIS = YES;
				CLANG_WARN_STRICT_PROTOTYPES = YES;
				CLANG_WARN_SUSPICIOUS_MOVE = YES;
				CLANG_WARN_UNGUARDED_AVAILABILITY = YES_AGGRESSIVE;
				CLANG_WARN_UNREACHABLE_CODE = YES;
				CLANG_WARN__DUPLICATE_METHOD_MATCH = YES;
				COPY_PHASE_STRIP = NO;
				DEBUG_INFORMATION_FORMAT = "dwarf-with-dsym";
				ENABLE_NS_ASSERTIONS = NO;
				ENABLE_STRICT_OBJC_MSGSEND = YES;
				GCC_C_LANGUAGE_STANDARD = gnu11;
				GCC_NO_COMMON_BLOCKS = YES;
				GCC_WARN_64_TO_32_BIT_CONVERSION = YES;
				GCC_WARN_ABOUT_RETURN_TYPE = YES_ERROR;
				GCC_WARN_UNDECLARED_SELECTOR = YES;
				GCC_WARN_UNINITIALIZED_AUTOS = YES_AGGRESSIVE;
				GCC_WARN_UNUSED_FUNCTION = YES;
				GCC_WARN_UNUSED_VARIABLE = YES;
				IPHONEOS_DEPLOYMENT_TARGET = 16.4;
				MTL_ENABLE_DEBUG_INFO = NO;
				MTL_FAST_MATH = YES;
				SDKROOT = iphoneos;
				SWIFT_COMPILATION_MODE = wholemodule;
				SWIFT_OPTIMIZATION_LEVEL = "-O";
				VALIDATE_PRODUCT = YES;
			};
			name = Release;
		};
		96BB00662A7FEFA000073134 /* Debug */ = {
			isa = XCBuildConfiguration;
			buildSettings = {
				ASSETCATALOG_COMPILER_APPICON_NAME = AppIcon;
				ASSETCATALOG_COMPILER_GLOBAL_ACCENT_COLOR_NAME = AccentColor;
				CODE_SIGN_STYLE = Automatic;
				CURRENT_PROJECT_VERSION = 1;
				DEVELOPMENT_TEAM = G85YYYKRLS;
				GENERATE_INFOPLIST_FILE = YES;
				INFOPLIST_FILE = NestedUIKitNavigation/Info.plist;
				INFOPLIST_KEY_UIApplicationSupportsIndirectInputEvents = YES;
				INFOPLIST_KEY_UILaunchStoryboardName = LaunchScreen;
				INFOPLIST_KEY_UIMainStoryboardFile = Main;
				INFOPLIST_KEY_UISupportedInterfaceOrientations_iPad = "UIInterfaceOrientationPortrait UIInterfaceOrientationPortraitUpsideDown UIInterfaceOrientationLandscapeLeft UIInterfaceOrientationLandscapeRight";
				INFOPLIST_KEY_UISupportedInterfaceOrientations_iPhone = "UIInterfaceOrientationPortrait UIInterfaceOrientationLandscapeLeft UIInterfaceOrientationLandscapeRight";
				LD_RUNPATH_SEARCH_PATHS = (
					"$(inherited)",
					"@executable_path/Frameworks",
				);
				MARKETING_VERSION = 1.0;
				PRODUCT_BUNDLE_IDENTIFIER = com.example.NestedUIKitNavigation;
				PRODUCT_NAME = "$(TARGET_NAME)";
				SWIFT_EMIT_LOC_STRINGS = YES;
				SWIFT_VERSION = 5.0;
				TARGETED_DEVICE_FAMILY = "1,2";
			};
			name = Debug;
		};
		96BB00672A7FEFA000073134 /* Release */ = {
			isa = XCBuildConfiguration;
			buildSettings = {
				ASSETCATALOG_COMPILER_APPICON_NAME = AppIcon;
				ASSETCATALOG_COMPILER_GLOBAL_ACCENT_COLOR_NAME = AccentColor;
				CODE_SIGN_STYLE = Automatic;
				CURRENT_PROJECT_VERSION = 1;
				DEVELOPMENT_TEAM = G85YYYKRLS;
				GENERATE_INFOPLIST_FILE = YES;
				INFOPLIST_FILE = NestedUIKitNavigation/Info.plist;
				INFOPLIST_KEY_UIApplicationSupportsIndirectInputEvents = YES;
				INFOPLIST_KEY_UILaunchStoryboardName = LaunchScreen;
				INFOPLIST_KEY_UIMainStoryboardFile = Main;
				INFOPLIST_KEY_UISupportedInterfaceOrientations_iPad = "UIInterfaceOrientationPortrait UIInterfaceOrientationPortraitUpsideDown UIInterfaceOrientationLandscapeLeft UIInterfaceOrientationLandscapeRight";
				INFOPLIST_KEY_UISupportedInterfaceOrientations_iPhone = "UIInterfaceOrientationPortrait UIInterfaceOrientationLandscapeLeft UIInterfaceOrientationLandscapeRight";
				LD_RUNPATH_SEARCH_PATHS = (
					"$(inherited)",
					"@executable_path/Frameworks",
				);
				MARKETING_VERSION = 1.0;
				PRODUCT_BUNDLE_IDENTIFIER = com.example.NestedUIKitNavigation;
				PRODUCT_NAME = "$(TARGET_NAME)";
				SWIFT_EMIT_LOC_STRINGS = YES;
				SWIFT_VERSION = 5.0;
				TARGETED_DEVICE_FAMILY = "1,2";
			};
			name = Release;
		};
/* End XCBuildConfiguration section */

/* Begin XCConfigurationList section */
		96BB004C2A7FEF9F00073134 /* Build configuration list for PBXProject "NestedUIKitNavigation" */ = {
			isa = XCConfigurationList;
			buildConfigurations = (
				96BB00632A7FEFA000073134 /* Debug */,
				96BB00642A7FEFA000073134 /* Release */,
			);
			defaultConfigurationIsVisible = 0;
			defaultConfigurationName = Release;
		};
		96BB00652A7FEFA000073134 /* Build configuration list for PBXNativeTarget "NestedUIKitNavigation" */ = {
			isa = XCConfigurationList;
			buildConfigurations = (
				96BB00662A7FEFA000073134 /* Debug */,
				96BB00672A7FEFA000073134 /* Release */,
			);
			defaultConfigurationIsVisible = 0;
			defaultConfigurationName = Release;
		};
/* End XCConfigurationList section */
	};
	rootObject = 96BB00492A7FEF9F00073134 /* Project object */;
}
